
Microsoft Visual Studio Solution File, Format Version 12.00
# Visual Studio 15
Project("{FAE04EC0-301F-11D3-BF4B-00C04F79EFBC}") = "AstarPathfindingProject", "AstarPathfindingProject.csproj", "{61A30832-E2E4-C0A1-4D93-50AEE129340A}"
EndProject
Project("{FAE04EC0-301F-11D3-BF4B-00C04F79EFBC}") = "UnityGameFramework.Runtime", "UnityGameFramework.Runtime.csproj", "{272776EE-0496-530C-C4D5-892D0DB04BF3}"
EndProject
Project("{FAE04EC0-301F-11D3-BF4B-00C04F79EFBC}") = "GameFramework", "GameFramework.csproj", "{48397271-74EB-6EA0-40BD-F7D9DCD81DB7}"
EndProject
Project("{FAE04EC0-301F-11D3-BF4B-00C04F79EFBC}") = "Builtin.Runtime", "Builtin.Runtime.csproj", "{D2E64166-CDFA-6A1A-7452-32A67AF86CA5}"
EndProject
Project("{FAE04EC0-301F-11D3-BF4B-00C04F79EFBC}") = "ZString", "ZString.csproj", "{3A69A4AC-639E-B9D3-FBAC-7415A3187571}"
EndProject
Project("{FAE04EC0-301F-11D3-BF4B-00C04F79EFBC}") = "DOTween.Extension", "DOTween.Extension.csproj", "{AFB1A04D-87DA-569E-AFAA-DE2123701B10}"
EndProject
Project("{FAE04EC0-301F-11D3-BF4B-00C04F79EFBC}") = "Assembly-CSharp-Editor", "Assembly-CSharp-Editor.csproj", "{778B183A-CE20-1426-7407-6F22D71E2EAF}"
EndProject
Project("{FAE04EC0-301F-11D3-BF4B-00C04F79EFBC}") = "AstarPackageToolsEditor", "AstarPackageToolsEditor.csproj", "{48DD7A23-AB7D-D3CF-9BEE-DAE31864C885}"
EndProject
Project("{FAE04EC0-301F-11D3-BF4B-00C04F79EFBC}") = "UnityGameFramework.Editor", "UnityGameFramework.Editor.csproj", "{6FBD98AE-E6F2-B2B1-311F-196609F96DD8}"
EndProject
Project("{FAE04EC0-301F-11D3-BF4B-00C04F79EFBC}") = "AstarPathfindingProjectEditor", "AstarPathfindingProjectEditor.csproj", "{080AFB04-1634-5F25-FDDD-63F2587C348E}"
EndProject
Project("{FAE04EC0-301F-11D3-BF4B-00C04F79EFBC}") = "UniTask", "UniTask.csproj", "{8970869E-8848-D9A0-8D8C-90AEFBA6EDF9}"
EndProject
Project("{FAE04EC0-301F-11D3-BF4B-00C04F79EFBC}") = "Boxophobic.Utils.Editor", "Boxophobic.Utils.Editor.csproj", "{EF2B29DC-9F5C-A0D1-FAB7-2E15965207AF}"
EndProject
Project("{FAE04EC0-301F-11D3-BF4B-00C04F79EFBC}") = "Hotfix", "Hotfix.csproj", "{3B6BEA57-1ED7-19B9-6021-199E82AC5B70}"
EndProject
Project("{FAE04EC0-301F-11D3-BF4B-00C04F79EFBC}") = "UniTask.Linq", "UniTask.Linq.csproj", "{167C30F5-3BD3-646B-38AC-080A3DDFC50F}"
EndProject
Project("{FAE04EC0-301F-11D3-BF4B-00C04F79EFBC}") = "Drawing", "Drawing.csproj", "{5CAC8439-5744-1239-DABA-9D781D526013}"
EndProject
Project("{FAE04EC0-301F-11D3-BF4B-00C04F79EFBC}") = "Assembly-CSharp", "Assembly-CSharp.csproj", "{9BBF4B81-0CAD-6580-5E66-03867C13B5D3}"
EndProject
Project("{FAE04EC0-301F-11D3-BF4B-00C04F79EFBC}") = "DrawingEditor", "DrawingEditor.csproj", "{5E5E97A4-4083-14E3-73B7-90BFEC82D82F}"
EndProject
Project("{FAE04EC0-301F-11D3-BF4B-00C04F79EFBC}") = "UniTask.Addressables", "UniTask.Addressables.csproj", "{FF9B1837-E49D-0A84-F9FF-775135661582}"
EndProject
Project("{FAE04EC0-301F-11D3-BF4B-00C04F79EFBC}") = "Boxophobic.Utils.Scripts", "Boxophobic.Utils.Scripts.csproj", "{FCB6AC66-7713-CDD7-9BCB-48972101E7A6}"
EndProject
Project("{FAE04EC0-301F-11D3-BF4B-00C04F79EFBC}") = "UniTask.TextMeshPro", "UniTask.TextMeshPro.csproj", "{3D6DF92D-52DE-6748-AF6D-6B8E7FBAD1E9}"
EndProject
Project("{FAE04EC0-301F-11D3-BF4B-00C04F79EFBC}") = "UniTask.DOTween", "UniTask.DOTween.csproj", "{A8462D18-1AED-4D3E-A3E9-65AEA9A6DF08}"
EndProject
Project("{FAE04EC0-301F-11D3-BF4B-00C04F79EFBC}") = "Boxophobic.PolyverseSkies.Scripts", "Boxophobic.PolyverseSkies.Scripts.csproj", "{587C614C-BDA4-2900-7456-91B86D1DD3CE}"
EndProject
Project("{FAE04EC0-301F-11D3-BF4B-00C04F79EFBC}") = "Boxophobic.PolyverseSkies.Editor", "Boxophobic.PolyverseSkies.Editor.csproj", "{B2E484F3-929F-BF47-0141-C4CCE927493D}"
EndProject
Project("{FAE04EC0-301F-11D3-BF4B-00C04F79EFBC}") = "DrawingPackageToolsEditor", "DrawingPackageToolsEditor.csproj", "{C43AE948-37AA-B125-B657-7A87B44615C7}"
EndProject
Project("{FAE04EC0-301F-11D3-BF4B-00C04F79EFBC}") = "andywiecko.BurstTriangulator", "andywiecko.BurstTriangulator.csproj", "{0638FF1D-1A6B-859D-2B66-A6ECB1B6D84B}"
EndProject
Project("{FAE04EC0-301F-11D3-BF4B-00C04F79EFBC}") = "UniTask.Editor", "UniTask.Editor.csproj", "{352C9EB1-F8E0-ECA0-7604-4BB1DE65D62C}"
EndProject
Project("{FAE04EC0-301F-11D3-BF4B-00C04F79EFBC}") = "PackageTools", "PackageTools.csproj", "{805A12FD-3A0A-6808-CA49-216E5301C3F8}"
EndProject
Project("{FAE04EC0-301F-11D3-BF4B-00C04F79EFBC}") = "Boxophobic.PolyverseSkies.Runtime", "Boxophobic.PolyverseSkies.Runtime.csproj", "{1C532CB7-EB5B-6E09-6371-579475EB1043}"
EndProject
Global
	GlobalSection(SolutionConfigurationPlatforms) = preSolution
		Debug|Any CPU = Debug|Any CPU
		Release|Any CPU = Release|Any CPU
	EndGlobalSection
	GlobalSection(ProjectConfigurationPlatforms) = postSolution
		{61A30832-E2E4-C0A1-4D93-50AEE129340A}.Debug|Any CPU.ActiveCfg = Debug|Any CPU
		{61A30832-E2E4-C0A1-4D93-50AEE129340A}.Debug|Any CPU.Build.0 = Debug|Any CPU
		{61A30832-E2E4-C0A1-4D93-50AEE129340A}.Release|Any CPU.ActiveCfg = Release|Any CPU
		{61A30832-E2E4-C0A1-4D93-50AEE129340A}.Release|Any CPU.Build.0 = Release|Any CPU
		{272776EE-0496-530C-C4D5-892D0DB04BF3}.Debug|Any CPU.ActiveCfg = Debug|Any CPU
		{272776EE-0496-530C-C4D5-892D0DB04BF3}.Debug|Any CPU.Build.0 = Debug|Any CPU
		{272776EE-0496-530C-C4D5-892D0DB04BF3}.Release|Any CPU.ActiveCfg = Release|Any CPU
		{272776EE-0496-530C-C4D5-892D0DB04BF3}.Release|Any CPU.Build.0 = Release|Any CPU
		{48397271-74EB-6EA0-40BD-F7D9DCD81DB7}.Debug|Any CPU.ActiveCfg = Debug|Any CPU
		{48397271-74EB-6EA0-40BD-F7D9DCD81DB7}.Debug|Any CPU.Build.0 = Debug|Any CPU
		{48397271-74EB-6EA0-40BD-F7D9DCD81DB7}.Release|Any CPU.ActiveCfg = Release|Any CPU
		{48397271-74EB-6EA0-40BD-F7D9DCD81DB7}.Release|Any CPU.Build.0 = Release|Any CPU
		{D2E64166-CDFA-6A1A-7452-32A67AF86CA5}.Debug|Any CPU.ActiveCfg = Debug|Any CPU
		{D2E64166-CDFA-6A1A-7452-32A67AF86CA5}.Debug|Any CPU.Build.0 = Debug|Any CPU
		{D2E64166-CDFA-6A1A-7452-32A67AF86CA5}.Release|Any CPU.ActiveCfg = Release|Any CPU
		{D2E64166-CDFA-6A1A-7452-32A67AF86CA5}.Release|Any CPU.Build.0 = Release|Any CPU
		{3A69A4AC-639E-B9D3-FBAC-7415A3187571}.Debug|Any CPU.ActiveCfg = Debug|Any CPU
		{3A69A4AC-639E-B9D3-FBAC-7415A3187571}.Debug|Any CPU.Build.0 = Debug|Any CPU
		{3A69A4AC-639E-B9D3-FBAC-7415A3187571}.Release|Any CPU.ActiveCfg = Release|Any CPU
		{3A69A4AC-639E-B9D3-FBAC-7415A3187571}.Release|Any CPU.Build.0 = Release|Any CPU
		{AFB1A04D-87DA-569E-AFAA-DE2123701B10}.Debug|Any CPU.ActiveCfg = Debug|Any CPU
		{AFB1A04D-87DA-569E-AFAA-DE2123701B10}.Debug|Any CPU.Build.0 = Debug|Any CPU
		{AFB1A04D-87DA-569E-AFAA-DE2123701B10}.Release|Any CPU.ActiveCfg = Release|Any CPU
		{AFB1A04D-87DA-569E-AFAA-DE2123701B10}.Release|Any CPU.Build.0 = Release|Any CPU
		{778B183A-CE20-1426-7407-6F22D71E2EAF}.Debug|Any CPU.ActiveCfg = Debug|Any CPU
		{778B183A-CE20-1426-7407-6F22D71E2EAF}.Debug|Any CPU.Build.0 = Debug|Any CPU
		{778B183A-CE20-1426-7407-6F22D71E2EAF}.Release|Any CPU.ActiveCfg = Release|Any CPU
		{778B183A-CE20-1426-7407-6F22D71E2EAF}.Release|Any CPU.Build.0 = Release|Any CPU
		{48DD7A23-AB7D-D3CF-9BEE-DAE31864C885}.Debug|Any CPU.ActiveCfg = Debug|Any CPU
		{48DD7A23-AB7D-D3CF-9BEE-DAE31864C885}.Debug|Any CPU.Build.0 = Debug|Any CPU
		{48DD7A23-AB7D-D3CF-9BEE-DAE31864C885}.Release|Any CPU.ActiveCfg = Release|Any CPU
		{48DD7A23-AB7D-D3CF-9BEE-DAE31864C885}.Release|Any CPU.Build.0 = Release|Any CPU
		{6FBD98AE-E6F2-B2B1-311F-196609F96DD8}.Debug|Any CPU.ActiveCfg = Debug|Any CPU
		{6FBD98AE-E6F2-B2B1-311F-196609F96DD8}.Debug|Any CPU.Build.0 = Debug|Any CPU
		{6FBD98AE-E6F2-B2B1-311F-196609F96DD8}.Release|Any CPU.ActiveCfg = Release|Any CPU
		{6FBD98AE-E6F2-B2B1-311F-196609F96DD8}.Release|Any CPU.Build.0 = Release|Any CPU
		{080AFB04-1634-5F25-FDDD-63F2587C348E}.Debug|Any CPU.ActiveCfg = Debug|Any CPU
		{080AFB04-1634-5F25-FDDD-63F2587C348E}.Debug|Any CPU.Build.0 = Debug|Any CPU
		{080AFB04-1634-5F25-FDDD-63F2587C348E}.Release|Any CPU.ActiveCfg = Release|Any CPU
		{080AFB04-1634-5F25-FDDD-63F2587C348E}.Release|Any CPU.Build.0 = Release|Any CPU
		{8970869E-8848-D9A0-8D8C-90AEFBA6EDF9}.Debug|Any CPU.ActiveCfg = Debug|Any CPU
		{8970869E-8848-D9A0-8D8C-90AEFBA6EDF9}.Debug|Any CPU.Build.0 = Debug|Any CPU
		{8970869E-8848-D9A0-8D8C-90AEFBA6EDF9}.Release|Any CPU.ActiveCfg = Release|Any CPU
		{8970869E-8848-D9A0-8D8C-90AEFBA6EDF9}.Release|Any CPU.Build.0 = Release|Any CPU
		{EF2B29DC-9F5C-A0D1-FAB7-2E15965207AF}.Debug|Any CPU.ActiveCfg = Debug|Any CPU
		{EF2B29DC-9F5C-A0D1-FAB7-2E15965207AF}.Debug|Any CPU.Build.0 = Debug|Any CPU
		{EF2B29DC-9F5C-A0D1-FAB7-2E15965207AF}.Release|Any CPU.ActiveCfg = Release|Any CPU
		{EF2B29DC-9F5C-A0D1-FAB7-2E15965207AF}.Release|Any CPU.Build.0 = Release|Any CPU
		{3B6BEA57-1ED7-19B9-6021-199E82AC5B70}.Debug|Any CPU.ActiveCfg = Debug|Any CPU
		{3B6BEA57-1ED7-19B9-6021-199E82AC5B70}.Debug|Any CPU.Build.0 = Debug|Any CPU
		{3B6BEA57-1ED7-19B9-6021-199E82AC5B70}.Release|Any CPU.ActiveCfg = Release|Any CPU
		{3B6BEA57-1ED7-19B9-6021-199E82AC5B70}.Release|Any CPU.Build.0 = Release|Any CPU
		{167C30F5-3BD3-646B-38AC-080A3DDFC50F}.Debug|Any CPU.ActiveCfg = Debug|Any CPU
		{167C30F5-3BD3-646B-38AC-080A3DDFC50F}.Debug|Any CPU.Build.0 = Debug|Any CPU
		{167C30F5-3BD3-646B-38AC-080A3DDFC50F}.Release|Any CPU.ActiveCfg = Release|Any CPU
		{167C30F5-3BD3-646B-38AC-080A3DDFC50F}.Release|Any CPU.Build.0 = Release|Any CPU
		{5CAC8439-5744-1239-DABA-9D781D526013}.Debug|Any CPU.ActiveCfg = Debug|Any CPU
		{5CAC8439-5744-1239-DABA-9D781D526013}.Debug|Any CPU.Build.0 = Debug|Any CPU
		{5CAC8439-5744-1239-DABA-9D781D526013}.Release|Any CPU.ActiveCfg = Release|Any CPU
		{5CAC8439-5744-1239-DABA-9D781D526013}.Release|Any CPU.Build.0 = Release|Any CPU
		{9BBF4B81-0CAD-6580-5E66-03867C13B5D3}.Debug|Any CPU.ActiveCfg = Debug|Any CPU
		{9BBF4B81-0CAD-6580-5E66-03867C13B5D3}.Debug|Any CPU.Build.0 = Debug|Any CPU
		{9BBF4B81-0CAD-6580-5E66-03867C13B5D3}.Release|Any CPU.ActiveCfg = Release|Any CPU
		{9BBF4B81-0CAD-6580-5E66-03867C13B5D3}.Release|Any CPU.Build.0 = Release|Any CPU
		{5E5E97A4-4083-14E3-73B7-90BFEC82D82F}.Debug|Any CPU.ActiveCfg = Debug|Any CPU
		{5E5E97A4-4083-14E3-73B7-90BFEC82D82F}.Debug|Any CPU.Build.0 = Debug|Any CPU
		{5E5E97A4-4083-14E3-73B7-90BFEC82D82F}.Release|Any CPU.ActiveCfg = Release|Any CPU
		{5E5E97A4-4083-14E3-73B7-90BFEC82D82F}.Release|Any CPU.Build.0 = Release|Any CPU
		{FF9B1837-E49D-0A84-F9FF-775135661582}.Debug|Any CPU.ActiveCfg = Debug|Any CPU
		{FF9B1837-E49D-0A84-F9FF-775135661582}.Debug|Any CPU.Build.0 = Debug|Any CPU
		{FF9B1837-E49D-0A84-F9FF-775135661582}.Release|Any CPU.ActiveCfg = Release|Any CPU
		{FF9B1837-E49D-0A84-F9FF-775135661582}.Release|Any CPU.Build.0 = Release|Any CPU
		{FCB6AC66-7713-CDD7-9BCB-48972101E7A6}.Debug|Any CPU.ActiveCfg = Debug|Any CPU
		{FCB6AC66-7713-CDD7-9BCB-48972101E7A6}.Debug|Any CPU.Build.0 = Debug|Any CPU
		{FCB6AC66-7713-CDD7-9BCB-48972101E7A6}.Release|Any CPU.ActiveCfg = Release|Any CPU
		{FCB6AC66-7713-CDD7-9BCB-48972101E7A6}.Release|Any CPU.Build.0 = Release|Any CPU
		{3D6DF92D-52DE-6748-AF6D-6B8E7FBAD1E9}.Debug|Any CPU.ActiveCfg = Debug|Any CPU
		{3D6DF92D-52DE-6748-AF6D-6B8E7FBAD1E9}.Debug|Any CPU.Build.0 = Debug|Any CPU
		{3D6DF92D-52DE-6748-AF6D-6B8E7FBAD1E9}.Release|Any CPU.ActiveCfg = Release|Any CPU
		{3D6DF92D-52DE-6748-AF6D-6B8E7FBAD1E9}.Release|Any CPU.Build.0 = Release|Any CPU
		{A8462D18-1AED-4D3E-A3E9-65AEA9A6DF08}.Debug|Any CPU.ActiveCfg = Debug|Any CPU
		{A8462D18-1AED-4D3E-A3E9-65AEA9A6DF08}.Debug|Any CPU.Build.0 = Debug|Any CPU
		{A8462D18-1AED-4D3E-A3E9-65AEA9A6DF08}.Release|Any CPU.ActiveCfg = Release|Any CPU
		{A8462D18-1AED-4D3E-A3E9-65AEA9A6DF08}.Release|Any CPU.Build.0 = Release|Any CPU
		{587C614C-BDA4-2900-7456-91B86D1DD3CE}.Debug|Any CPU.ActiveCfg = Debug|Any CPU
		{587C614C-BDA4-2900-7456-91B86D1DD3CE}.Debug|Any CPU.Build.0 = Debug|Any CPU
		{587C614C-BDA4-2900-7456-91B86D1DD3CE}.Release|Any CPU.ActiveCfg = Release|Any CPU
		{587C614C-BDA4-2900-7456-91B86D1DD3CE}.Release|Any CPU.Build.0 = Release|Any CPU
		{B2E484F3-929F-BF47-0141-C4CCE927493D}.Debug|Any CPU.ActiveCfg = Debug|Any CPU
		{B2E484F3-929F-BF47-0141-C4CCE927493D}.Debug|Any CPU.Build.0 = Debug|Any CPU
		{B2E484F3-929F-BF47-0141-C4CCE927493D}.Release|Any CPU.ActiveCfg = Release|Any CPU
		{B2E484F3-929F-BF47-0141-C4CCE927493D}.Release|Any CPU.Build.0 = Release|Any CPU
		{C43AE948-37AA-B125-B657-7A87B44615C7}.Debug|Any CPU.ActiveCfg = Debug|Any CPU
		{C43AE948-37AA-B125-B657-7A87B44615C7}.Debug|Any CPU.Build.0 = Debug|Any CPU
		{C43AE948-37AA-B125-B657-7A87B44615C7}.Release|Any CPU.ActiveCfg = Release|Any CPU
		{C43AE948-37AA-B125-B657-7A87B44615C7}.Release|Any CPU.Build.0 = Release|Any CPU
		{0638FF1D-1A6B-859D-2B66-A6ECB1B6D84B}.Debug|Any CPU.ActiveCfg = Debug|Any CPU
		{0638FF1D-1A6B-859D-2B66-A6ECB1B6D84B}.Debug|Any CPU.Build.0 = Debug|Any CPU
		{0638FF1D-1A6B-859D-2B66-A6ECB1B6D84B}.Release|Any CPU.ActiveCfg = Release|Any CPU
		{0638FF1D-1A6B-859D-2B66-A6ECB1B6D84B}.Release|Any CPU.Build.0 = Release|Any CPU
		{352C9EB1-F8E0-ECA0-7604-4BB1DE65D62C}.Debug|Any CPU.ActiveCfg = Debug|Any CPU
		{352C9EB1-F8E0-ECA0-7604-4BB1DE65D62C}.Debug|Any CPU.Build.0 = Debug|Any CPU
		{352C9EB1-F8E0-ECA0-7604-4BB1DE65D62C}.Release|Any CPU.ActiveCfg = Release|Any CPU
		{352C9EB1-F8E0-ECA0-7604-4BB1DE65D62C}.Release|Any CPU.Build.0 = Release|Any CPU
		{805A12FD-3A0A-6808-CA49-216E5301C3F8}.Debug|Any CPU.ActiveCfg = Debug|Any CPU
		{805A12FD-3A0A-6808-CA49-216E5301C3F8}.Debug|Any CPU.Build.0 = Debug|Any CPU
		{805A12FD-3A0A-6808-CA49-216E5301C3F8}.Release|Any CPU.ActiveCfg = Release|Any CPU
		{805A12FD-3A0A-6808-CA49-216E5301C3F8}.Release|Any CPU.Build.0 = Release|Any CPU
		{1C532CB7-EB5B-6E09-6371-579475EB1043}.Debug|Any CPU.ActiveCfg = Debug|Any CPU
		{1C532CB7-EB5B-6E09-6371-579475EB1043}.Debug|Any CPU.Build.0 = Debug|Any CPU
		{1C532CB7-EB5B-6E09-6371-579475EB1043}.Release|Any CPU.ActiveCfg = Release|Any CPU
		{1C532CB7-EB5B-6E09-6371-579475EB1043}.Release|Any CPU.Build.0 = Release|Any CPU
	EndGlobalSection
	GlobalSection(SolutionProperties) = preSolution
		HideSolutionNode = FALSE
	EndGlobalSection
EndGlobal
