
Microsoft Visual Studio Solution File, Format Version 12.00
# Visual Studio 15
Project("{FAE04EC0-301F-11D3-BF4B-00C04F79EFBC}") = "Unity.Timeline", "Unity.Timeline.csproj", "{DDC85ADB-7B4D-3258-4A9A-D07F8BE9E3DE}"
EndProject
Project("{FAE04EC0-301F-11D3-BF4B-00C04F79EFBC}") = "Unity.Timeline.Editor", "Unity.Timeline.Editor.csproj", "{426AABAF-CE40-4AA2-D04B-54AAB4ECADB5}"
EndProject
Project("{FAE04EC0-301F-11D3-BF4B-00C04F79EFBC}") = "Unity.TextMeshPro.Editor", "Unity.TextMeshPro.Editor.csproj", "{89634AE0-B2F6-7678-46E5-30D22328AC12}"
EndProject
Project("{FAE04EC0-301F-11D3-BF4B-00C04F79EFBC}") = "Unity.PlasticSCM.Editor", "Unity.PlasticSCM.Editor.csproj", "{7AB4F8FE-B112-ADD8-E11B-48AFDE934741}"
EndProject
Project("{FAE04EC0-301F-11D3-BF4B-00C04F79EFBC}") = "UnityGameFramework.Runtime", "UnityGameFramework.Runtime.csproj", "{272776EE-0496-530C-C4D5-892D0DB04BF3}"
EndProject
Project("{FAE04EC0-301F-11D3-BF4B-00C04F79EFBC}") = "GameFramework", "GameFramework.csproj", "{48397271-74EB-6EA0-40BD-F7D9DCD81DB7}"
EndProject
Project("{FAE04EC0-301F-11D3-BF4B-00C04F79EFBC}") = "Builtin.Runtime", "Builtin.Runtime.csproj", "{D2E64166-CDFA-6A1A-7452-32A67AF86CA5}"
EndProject
Project("{FAE04EC0-301F-11D3-BF4B-00C04F79EFBC}") = "UnityEngine.TestRunner", "UnityEngine.TestRunner.csproj", "{72A33EFB-67CC-7C42-8A7A-E289F377623A}"
EndProject
Project("{FAE04EC0-301F-11D3-BF4B-00C04F79EFBC}") = "UniTask.Linq", "UniTask.Linq.csproj", "{167C30F5-3BD3-646B-38AC-080A3DDFC50F}"
EndProject
Project("{FAE04EC0-301F-11D3-BF4B-00C04F79EFBC}") = "Unity.Mathematics", "Unity.Mathematics.csproj", "{EC05BD6C-277C-C4E6-CB91-16D2F4EE138B}"
EndProject
Project("{FAE04EC0-301F-11D3-BF4B-00C04F79EFBC}") = "Cinemachine", "Cinemachine.csproj", "{127F67C4-477C-201E-3DEE-9F21EE22166D}"
EndProject
Project("{FAE04EC0-301F-11D3-BF4B-00C04F79EFBC}") = "UnityGameFramework.Editor", "UnityGameFramework.Editor.csproj", "{6FBD98AE-E6F2-B2B1-311F-196609F96DD8}"
EndProject
Project("{FAE04EC0-301F-11D3-BF4B-00C04F79EFBC}") = "Unity.Collections", "Unity.Collections.csproj", "{145CB4F6-2D54-943D-53DD-004EE61EB11B}"
EndProject
Project("{FAE04EC0-301F-11D3-BF4B-00C04F79EFBC}") = "ZString", "ZString.csproj", "{3A69A4AC-639E-B9D3-FBAC-7415A3187571}"
EndProject
Project("{FAE04EC0-301F-11D3-BF4B-00C04F79EFBC}") = "UnityEditor.TestRunner", "UnityEditor.TestRunner.csproj", "{452B09D5-83E9-8AA3-53BC-9A9397A87E1E}"
EndProject
Project("{FAE04EC0-301F-11D3-BF4B-00C04F79EFBC}") = "DOTween.Extension", "DOTween.Extension.csproj", "{AFB1A04D-87DA-569E-AFAA-DE2123701B10}"
EndProject
Project("{FAE04EC0-301F-11D3-BF4B-00C04F79EFBC}") = "UniTask", "UniTask.csproj", "{8970869E-8848-D9A0-8D8C-90AEFBA6EDF9}"
EndProject
Project("{FAE04EC0-301F-11D3-BF4B-00C04F79EFBC}") = "Unity.PerformanceTesting.Editor", "Unity.PerformanceTesting.Editor.csproj", "{FAE0604C-DC57-8A2F-F920-A2D503ACD44A}"
EndProject
Project("{FAE04EC0-301F-11D3-BF4B-00C04F79EFBC}") = "Hotfix", "Hotfix.csproj", "{3B6BEA57-1ED7-19B9-6021-199E82AC5B70}"
EndProject
Project("{FAE04EC0-301F-11D3-BF4B-00C04F79EFBC}") = "Unity.Searcher.Editor", "Unity.Searcher.Editor.csproj", "{48D9ECEA-0CAA-BDF2-20BB-6DA8DE3C6A65}"
EndProject
Project("{FAE04EC0-301F-11D3-BF4B-00C04F79EFBC}") = "Unity.Burst", "Unity.Burst.csproj", "{9155C3AF-70FC-A049-316B-4F0BE62CC479}"
EndProject
Project("{FAE04EC0-301F-11D3-BF4B-00C04F79EFBC}") = "Unity.VisualStudio.Editor", "Unity.VisualStudio.Editor.csproj", "{10C8CF0F-577B-3C5F-3EA4-C654DE924BE2}"
EndProject
Project("{FAE04EC0-301F-11D3-BF4B-00C04F79EFBC}") = "Assembly-CSharp-Editor", "Assembly-CSharp-Editor.csproj", "{778B183A-CE20-1426-7407-6F22D71E2EAF}"
EndProject
Project("{FAE04EC0-301F-11D3-BF4B-00C04F79EFBC}") = "Unity.PerformanceTesting", "Unity.PerformanceTesting.csproj", "{DA086CD9-782E-093C-614A-F5FB082A4C60}"
EndProject
Project("{FAE04EC0-301F-11D3-BF4B-00C04F79EFBC}") = "com.unity.cinemachine.editor", "com.unity.cinemachine.editor.csproj", "{2FD441EF-530A-27AE-02F6-68FB8256488E}"
EndProject
Project("{FAE04EC0-301F-11D3-BF4B-00C04F79EFBC}") = "Newtonsoft.Json.UnityConverters", "Newtonsoft.Json.UnityConverters.csproj", "{8F355D31-9562-CA9F-4A79-BA6458ABFF9F}"
EndProject
Project("{FAE04EC0-301F-11D3-BF4B-00C04F79EFBC}") = "Unity.CollabProxy.Editor", "Unity.CollabProxy.Editor.csproj", "{6F761B1B-4CEB-7A31-C2CC-8B81FE9889B2}"
EndProject
Project("{FAE04EC0-301F-11D3-BF4B-00C04F79EFBC}") = "Unity.Burst.CodeGen", "Unity.Burst.CodeGen.csproj", "{D20A732A-B325-2D13-61BA-2B50A741ADE6}"
EndProject
Project("{FAE04EC0-301F-11D3-BF4B-00C04F79EFBC}") = "Unity.TextMeshPro", "Unity.TextMeshPro.csproj", "{AE023A33-C4BE-893F-CD2F-BD91D4A8DA82}"
EndProject
Project("{FAE04EC0-301F-11D3-BF4B-00C04F79EFBC}") = "Assembly-CSharp", "Assembly-CSharp.csproj", "{9BBF4B81-0CAD-6580-5E66-03867C13B5D3}"
EndProject
Project("{FAE04EC0-301F-11D3-BF4B-00C04F79EFBC}") = "Newtonsoft.Json.UnityConverters.Editor", "Newtonsoft.Json.UnityConverters.Editor.csproj", "{F89C13A6-FEC6-6F15-7028-894814A19198}"
EndProject
Project("{FAE04EC0-301F-11D3-BF4B-00C04F79EFBC}") = "Unity.VSCode.Editor", "Unity.VSCode.Editor.csproj", "{C7DF37C2-2DC1-7EDD-79FE-C8B8A8EA36F8}"
EndProject
Project("{FAE04EC0-301F-11D3-BF4B-00C04F79EFBC}") = "Newtonsoft.Json.UnityConverters.Mathematics", "Newtonsoft.Json.UnityConverters.Mathematics.csproj", "{A6414D4C-32C7-3A0E-02B2-D770007D7DCC}"
EndProject
Project("{FAE04EC0-301F-11D3-BF4B-00C04F79EFBC}") = "Unity.Burst.Editor", "Unity.Burst.Editor.csproj", "{AC0F71B8-8E44-13DD-1179-3A508572B576}"
EndProject
Project("{FAE04EC0-301F-11D3-BF4B-00C04F79EFBC}") = "UniTask.Addressables", "UniTask.Addressables.csproj", "{FF9B1837-E49D-0A84-F9FF-775135661582}"
EndProject
Project("{FAE04EC0-301F-11D3-BF4B-00C04F79EFBC}") = "Unity.Jobs", "Unity.Jobs.csproj", "{B12A92A6-5433-14FB-5B1E-BAEEF7C1AA82}"
EndProject
Project("{FAE04EC0-301F-11D3-BF4B-00C04F79EFBC}") = "UniTask.TextMeshPro", "UniTask.TextMeshPro.csproj", "{3D6DF92D-52DE-6748-AF6D-6B8E7FBAD1E9}"
EndProject
Project("{FAE04EC0-301F-11D3-BF4B-00C04F79EFBC}") = "Unity.Collections.CodeGen", "Unity.Collections.CodeGen.csproj", "{ADC42024-9DE1-4009-8F9C-FE74C8C00873}"
EndProject
Project("{FAE04EC0-301F-11D3-BF4B-00C04F79EFBC}") = "Unity.Mathematics.Editor", "Unity.Mathematics.Editor.csproj", "{12659662-FF2F-2419-523B-2629F6B95BA0}"
EndProject
Project("{FAE04EC0-301F-11D3-BF4B-00C04F79EFBC}") = "Unity.Collections.Editor", "Unity.Collections.Editor.csproj", "{B951D673-C77C-7596-BF34-CBD658D674AC}"
EndProject
Project("{FAE04EC0-301F-11D3-BF4B-00C04F79EFBC}") = "UniTask.DOTween", "UniTask.DOTween.csproj", "{A8462D18-1AED-4D3E-A3E9-65AEA9A6DF08}"
EndProject
Project("{FAE04EC0-301F-11D3-BF4B-00C04F79EFBC}") = "UniTask.Editor", "UniTask.Editor.csproj", "{352C9EB1-F8E0-ECA0-7604-4BB1DE65D62C}"
EndProject
Project("{FAE04EC0-301F-11D3-BF4B-00C04F79EFBC}") = "Unity.Jobs.CodeGen", "Unity.Jobs.CodeGen.csproj", "{982F252B-84CD-BED2-4F51-2ECAA7CDC457}"
EndProject
Global
	GlobalSection(SolutionConfigurationPlatforms) = preSolution
		Debug|Any CPU = Debug|Any CPU
		Release|Any CPU = Release|Any CPU
	EndGlobalSection
	GlobalSection(ProjectConfigurationPlatforms) = postSolution
		{DDC85ADB-7B4D-3258-4A9A-D07F8BE9E3DE}.Debug|Any CPU.ActiveCfg = Debug|Any CPU
		{DDC85ADB-7B4D-3258-4A9A-D07F8BE9E3DE}.Debug|Any CPU.Build.0 = Debug|Any CPU
		{DDC85ADB-7B4D-3258-4A9A-D07F8BE9E3DE}.Release|Any CPU.ActiveCfg = Release|Any CPU
		{DDC85ADB-7B4D-3258-4A9A-D07F8BE9E3DE}.Release|Any CPU.Build.0 = Release|Any CPU
		{426AABAF-CE40-4AA2-D04B-54AAB4ECADB5}.Debug|Any CPU.ActiveCfg = Debug|Any CPU
		{426AABAF-CE40-4AA2-D04B-54AAB4ECADB5}.Debug|Any CPU.Build.0 = Debug|Any CPU
		{426AABAF-CE40-4AA2-D04B-54AAB4ECADB5}.Release|Any CPU.ActiveCfg = Release|Any CPU
		{426AABAF-CE40-4AA2-D04B-54AAB4ECADB5}.Release|Any CPU.Build.0 = Release|Any CPU
		{89634AE0-B2F6-7678-46E5-30D22328AC12}.Debug|Any CPU.ActiveCfg = Debug|Any CPU
		{89634AE0-B2F6-7678-46E5-30D22328AC12}.Debug|Any CPU.Build.0 = Debug|Any CPU
		{89634AE0-B2F6-7678-46E5-30D22328AC12}.Release|Any CPU.ActiveCfg = Release|Any CPU
		{89634AE0-B2F6-7678-46E5-30D22328AC12}.Release|Any CPU.Build.0 = Release|Any CPU
		{7AB4F8FE-B112-ADD8-E11B-48AFDE934741}.Debug|Any CPU.ActiveCfg = Debug|Any CPU
		{7AB4F8FE-B112-ADD8-E11B-48AFDE934741}.Debug|Any CPU.Build.0 = Debug|Any CPU
		{7AB4F8FE-B112-ADD8-E11B-48AFDE934741}.Release|Any CPU.ActiveCfg = Release|Any CPU
		{7AB4F8FE-B112-ADD8-E11B-48AFDE934741}.Release|Any CPU.Build.0 = Release|Any CPU
		{272776EE-0496-530C-C4D5-892D0DB04BF3}.Debug|Any CPU.ActiveCfg = Debug|Any CPU
		{272776EE-0496-530C-C4D5-892D0DB04BF3}.Debug|Any CPU.Build.0 = Debug|Any CPU
		{272776EE-0496-530C-C4D5-892D0DB04BF3}.Release|Any CPU.ActiveCfg = Release|Any CPU
		{272776EE-0496-530C-C4D5-892D0DB04BF3}.Release|Any CPU.Build.0 = Release|Any CPU
		{48397271-74EB-6EA0-40BD-F7D9DCD81DB7}.Debug|Any CPU.ActiveCfg = Debug|Any CPU
		{48397271-74EB-6EA0-40BD-F7D9DCD81DB7}.Debug|Any CPU.Build.0 = Debug|Any CPU
		{48397271-74EB-6EA0-40BD-F7D9DCD81DB7}.Release|Any CPU.ActiveCfg = Release|Any CPU
		{48397271-74EB-6EA0-40BD-F7D9DCD81DB7}.Release|Any CPU.Build.0 = Release|Any CPU
		{D2E64166-CDFA-6A1A-7452-32A67AF86CA5}.Debug|Any CPU.ActiveCfg = Debug|Any CPU
		{D2E64166-CDFA-6A1A-7452-32A67AF86CA5}.Debug|Any CPU.Build.0 = Debug|Any CPU
		{D2E64166-CDFA-6A1A-7452-32A67AF86CA5}.Release|Any CPU.ActiveCfg = Release|Any CPU
		{D2E64166-CDFA-6A1A-7452-32A67AF86CA5}.Release|Any CPU.Build.0 = Release|Any CPU
		{72A33EFB-67CC-7C42-8A7A-E289F377623A}.Debug|Any CPU.ActiveCfg = Debug|Any CPU
		{72A33EFB-67CC-7C42-8A7A-E289F377623A}.Debug|Any CPU.Build.0 = Debug|Any CPU
		{72A33EFB-67CC-7C42-8A7A-E289F377623A}.Release|Any CPU.ActiveCfg = Release|Any CPU
		{72A33EFB-67CC-7C42-8A7A-E289F377623A}.Release|Any CPU.Build.0 = Release|Any CPU
		{167C30F5-3BD3-646B-38AC-080A3DDFC50F}.Debug|Any CPU.ActiveCfg = Debug|Any CPU
		{167C30F5-3BD3-646B-38AC-080A3DDFC50F}.Debug|Any CPU.Build.0 = Debug|Any CPU
		{167C30F5-3BD3-646B-38AC-080A3DDFC50F}.Release|Any CPU.ActiveCfg = Release|Any CPU
		{167C30F5-3BD3-646B-38AC-080A3DDFC50F}.Release|Any CPU.Build.0 = Release|Any CPU
		{EC05BD6C-277C-C4E6-CB91-16D2F4EE138B}.Debug|Any CPU.ActiveCfg = Debug|Any CPU
		{EC05BD6C-277C-C4E6-CB91-16D2F4EE138B}.Debug|Any CPU.Build.0 = Debug|Any CPU
		{EC05BD6C-277C-C4E6-CB91-16D2F4EE138B}.Release|Any CPU.ActiveCfg = Release|Any CPU
		{EC05BD6C-277C-C4E6-CB91-16D2F4EE138B}.Release|Any CPU.Build.0 = Release|Any CPU
		{127F67C4-477C-201E-3DEE-9F21EE22166D}.Debug|Any CPU.ActiveCfg = Debug|Any CPU
		{127F67C4-477C-201E-3DEE-9F21EE22166D}.Debug|Any CPU.Build.0 = Debug|Any CPU
		{127F67C4-477C-201E-3DEE-9F21EE22166D}.Release|Any CPU.ActiveCfg = Release|Any CPU
		{127F67C4-477C-201E-3DEE-9F21EE22166D}.Release|Any CPU.Build.0 = Release|Any CPU
		{6FBD98AE-E6F2-B2B1-311F-196609F96DD8}.Debug|Any CPU.ActiveCfg = Debug|Any CPU
		{6FBD98AE-E6F2-B2B1-311F-196609F96DD8}.Debug|Any CPU.Build.0 = Debug|Any CPU
		{6FBD98AE-E6F2-B2B1-311F-196609F96DD8}.Release|Any CPU.ActiveCfg = Release|Any CPU
		{6FBD98AE-E6F2-B2B1-311F-196609F96DD8}.Release|Any CPU.Build.0 = Release|Any CPU
		{145CB4F6-2D54-943D-53DD-004EE61EB11B}.Debug|Any CPU.ActiveCfg = Debug|Any CPU
		{145CB4F6-2D54-943D-53DD-004EE61EB11B}.Debug|Any CPU.Build.0 = Debug|Any CPU
		{145CB4F6-2D54-943D-53DD-004EE61EB11B}.Release|Any CPU.ActiveCfg = Release|Any CPU
		{145CB4F6-2D54-943D-53DD-004EE61EB11B}.Release|Any CPU.Build.0 = Release|Any CPU
		{3A69A4AC-639E-B9D3-FBAC-7415A3187571}.Debug|Any CPU.ActiveCfg = Debug|Any CPU
		{3A69A4AC-639E-B9D3-FBAC-7415A3187571}.Debug|Any CPU.Build.0 = Debug|Any CPU
		{3A69A4AC-639E-B9D3-FBAC-7415A3187571}.Release|Any CPU.ActiveCfg = Release|Any CPU
		{3A69A4AC-639E-B9D3-FBAC-7415A3187571}.Release|Any CPU.Build.0 = Release|Any CPU
		{452B09D5-83E9-8AA3-53BC-9A9397A87E1E}.Debug|Any CPU.ActiveCfg = Debug|Any CPU
		{452B09D5-83E9-8AA3-53BC-9A9397A87E1E}.Debug|Any CPU.Build.0 = Debug|Any CPU
		{452B09D5-83E9-8AA3-53BC-9A9397A87E1E}.Release|Any CPU.ActiveCfg = Release|Any CPU
		{452B09D5-83E9-8AA3-53BC-9A9397A87E1E}.Release|Any CPU.Build.0 = Release|Any CPU
		{AFB1A04D-87DA-569E-AFAA-DE2123701B10}.Debug|Any CPU.ActiveCfg = Debug|Any CPU
		{AFB1A04D-87DA-569E-AFAA-DE2123701B10}.Debug|Any CPU.Build.0 = Debug|Any CPU
		{AFB1A04D-87DA-569E-AFAA-DE2123701B10}.Release|Any CPU.ActiveCfg = Release|Any CPU
		{AFB1A04D-87DA-569E-AFAA-DE2123701B10}.Release|Any CPU.Build.0 = Release|Any CPU
		{8970869E-8848-D9A0-8D8C-90AEFBA6EDF9}.Debug|Any CPU.ActiveCfg = Debug|Any CPU
		{8970869E-8848-D9A0-8D8C-90AEFBA6EDF9}.Debug|Any CPU.Build.0 = Debug|Any CPU
		{8970869E-8848-D9A0-8D8C-90AEFBA6EDF9}.Release|Any CPU.ActiveCfg = Release|Any CPU
		{8970869E-8848-D9A0-8D8C-90AEFBA6EDF9}.Release|Any CPU.Build.0 = Release|Any CPU
		{FAE0604C-DC57-8A2F-F920-A2D503ACD44A}.Debug|Any CPU.ActiveCfg = Debug|Any CPU
		{FAE0604C-DC57-8A2F-F920-A2D503ACD44A}.Debug|Any CPU.Build.0 = Debug|Any CPU
		{FAE0604C-DC57-8A2F-F920-A2D503ACD44A}.Release|Any CPU.ActiveCfg = Release|Any CPU
		{FAE0604C-DC57-8A2F-F920-A2D503ACD44A}.Release|Any CPU.Build.0 = Release|Any CPU
		{3B6BEA57-1ED7-19B9-6021-199E82AC5B70}.Debug|Any CPU.ActiveCfg = Debug|Any CPU
		{3B6BEA57-1ED7-19B9-6021-199E82AC5B70}.Debug|Any CPU.Build.0 = Debug|Any CPU
		{3B6BEA57-1ED7-19B9-6021-199E82AC5B70}.Release|Any CPU.ActiveCfg = Release|Any CPU
		{3B6BEA57-1ED7-19B9-6021-199E82AC5B70}.Release|Any CPU.Build.0 = Release|Any CPU
		{48D9ECEA-0CAA-BDF2-20BB-6DA8DE3C6A65}.Debug|Any CPU.ActiveCfg = Debug|Any CPU
		{48D9ECEA-0CAA-BDF2-20BB-6DA8DE3C6A65}.Debug|Any CPU.Build.0 = Debug|Any CPU
		{48D9ECEA-0CAA-BDF2-20BB-6DA8DE3C6A65}.Release|Any CPU.ActiveCfg = Release|Any CPU
		{48D9ECEA-0CAA-BDF2-20BB-6DA8DE3C6A65}.Release|Any CPU.Build.0 = Release|Any CPU
		{9155C3AF-70FC-A049-316B-4F0BE62CC479}.Debug|Any CPU.ActiveCfg = Debug|Any CPU
		{9155C3AF-70FC-A049-316B-4F0BE62CC479}.Debug|Any CPU.Build.0 = Debug|Any CPU
		{9155C3AF-70FC-A049-316B-4F0BE62CC479}.Release|Any CPU.ActiveCfg = Release|Any CPU
		{9155C3AF-70FC-A049-316B-4F0BE62CC479}.Release|Any CPU.Build.0 = Release|Any CPU
		{10C8CF0F-577B-3C5F-3EA4-C654DE924BE2}.Debug|Any CPU.ActiveCfg = Debug|Any CPU
		{10C8CF0F-577B-3C5F-3EA4-C654DE924BE2}.Debug|Any CPU.Build.0 = Debug|Any CPU
		{10C8CF0F-577B-3C5F-3EA4-C654DE924BE2}.Release|Any CPU.ActiveCfg = Release|Any CPU
		{10C8CF0F-577B-3C5F-3EA4-C654DE924BE2}.Release|Any CPU.Build.0 = Release|Any CPU
		{778B183A-CE20-1426-7407-6F22D71E2EAF}.Debug|Any CPU.ActiveCfg = Debug|Any CPU
		{778B183A-CE20-1426-7407-6F22D71E2EAF}.Debug|Any CPU.Build.0 = Debug|Any CPU
		{778B183A-CE20-1426-7407-6F22D71E2EAF}.Release|Any CPU.ActiveCfg = Release|Any CPU
		{778B183A-CE20-1426-7407-6F22D71E2EAF}.Release|Any CPU.Build.0 = Release|Any CPU
		{DA086CD9-782E-093C-614A-F5FB082A4C60}.Debug|Any CPU.ActiveCfg = Debug|Any CPU
		{DA086CD9-782E-093C-614A-F5FB082A4C60}.Debug|Any CPU.Build.0 = Debug|Any CPU
		{DA086CD9-782E-093C-614A-F5FB082A4C60}.Release|Any CPU.ActiveCfg = Release|Any CPU
		{DA086CD9-782E-093C-614A-F5FB082A4C60}.Release|Any CPU.Build.0 = Release|Any CPU
		{2FD441EF-530A-27AE-02F6-68FB8256488E}.Debug|Any CPU.ActiveCfg = Debug|Any CPU
		{2FD441EF-530A-27AE-02F6-68FB8256488E}.Debug|Any CPU.Build.0 = Debug|Any CPU
		{2FD441EF-530A-27AE-02F6-68FB8256488E}.Release|Any CPU.ActiveCfg = Release|Any CPU
		{2FD441EF-530A-27AE-02F6-68FB8256488E}.Release|Any CPU.Build.0 = Release|Any CPU
		{8F355D31-9562-CA9F-4A79-BA6458ABFF9F}.Debug|Any CPU.ActiveCfg = Debug|Any CPU
		{8F355D31-9562-CA9F-4A79-BA6458ABFF9F}.Debug|Any CPU.Build.0 = Debug|Any CPU
		{8F355D31-9562-CA9F-4A79-BA6458ABFF9F}.Release|Any CPU.ActiveCfg = Release|Any CPU
		{8F355D31-9562-CA9F-4A79-BA6458ABFF9F}.Release|Any CPU.Build.0 = Release|Any CPU
		{6F761B1B-4CEB-7A31-C2CC-8B81FE9889B2}.Debug|Any CPU.ActiveCfg = Debug|Any CPU
		{6F761B1B-4CEB-7A31-C2CC-8B81FE9889B2}.Debug|Any CPU.Build.0 = Debug|Any CPU
		{6F761B1B-4CEB-7A31-C2CC-8B81FE9889B2}.Release|Any CPU.ActiveCfg = Release|Any CPU
		{6F761B1B-4CEB-7A31-C2CC-8B81FE9889B2}.Release|Any CPU.Build.0 = Release|Any CPU
		{D20A732A-B325-2D13-61BA-2B50A741ADE6}.Debug|Any CPU.ActiveCfg = Debug|Any CPU
		{D20A732A-B325-2D13-61BA-2B50A741ADE6}.Debug|Any CPU.Build.0 = Debug|Any CPU
		{D20A732A-B325-2D13-61BA-2B50A741ADE6}.Release|Any CPU.ActiveCfg = Release|Any CPU
		{D20A732A-B325-2D13-61BA-2B50A741ADE6}.Release|Any CPU.Build.0 = Release|Any CPU
		{AE023A33-C4BE-893F-CD2F-BD91D4A8DA82}.Debug|Any CPU.ActiveCfg = Debug|Any CPU
		{AE023A33-C4BE-893F-CD2F-BD91D4A8DA82}.Debug|Any CPU.Build.0 = Debug|Any CPU
		{AE023A33-C4BE-893F-CD2F-BD91D4A8DA82}.Release|Any CPU.ActiveCfg = Release|Any CPU
		{AE023A33-C4BE-893F-CD2F-BD91D4A8DA82}.Release|Any CPU.Build.0 = Release|Any CPU
		{9BBF4B81-0CAD-6580-5E66-03867C13B5D3}.Debug|Any CPU.ActiveCfg = Debug|Any CPU
		{9BBF4B81-0CAD-6580-5E66-03867C13B5D3}.Debug|Any CPU.Build.0 = Debug|Any CPU
		{9BBF4B81-0CAD-6580-5E66-03867C13B5D3}.Release|Any CPU.ActiveCfg = Release|Any CPU
		{9BBF4B81-0CAD-6580-5E66-03867C13B5D3}.Release|Any CPU.Build.0 = Release|Any CPU
		{F89C13A6-FEC6-6F15-7028-894814A19198}.Debug|Any CPU.ActiveCfg = Debug|Any CPU
		{F89C13A6-FEC6-6F15-7028-894814A19198}.Debug|Any CPU.Build.0 = Debug|Any CPU
		{F89C13A6-FEC6-6F15-7028-894814A19198}.Release|Any CPU.ActiveCfg = Release|Any CPU
		{F89C13A6-FEC6-6F15-7028-894814A19198}.Release|Any CPU.Build.0 = Release|Any CPU
		{C7DF37C2-2DC1-7EDD-79FE-C8B8A8EA36F8}.Debug|Any CPU.ActiveCfg = Debug|Any CPU
		{C7DF37C2-2DC1-7EDD-79FE-C8B8A8EA36F8}.Debug|Any CPU.Build.0 = Debug|Any CPU
		{C7DF37C2-2DC1-7EDD-79FE-C8B8A8EA36F8}.Release|Any CPU.ActiveCfg = Release|Any CPU
		{C7DF37C2-2DC1-7EDD-79FE-C8B8A8EA36F8}.Release|Any CPU.Build.0 = Release|Any CPU
		{A6414D4C-32C7-3A0E-02B2-D770007D7DCC}.Debug|Any CPU.ActiveCfg = Debug|Any CPU
		{A6414D4C-32C7-3A0E-02B2-D770007D7DCC}.Debug|Any CPU.Build.0 = Debug|Any CPU
		{A6414D4C-32C7-3A0E-02B2-D770007D7DCC}.Release|Any CPU.ActiveCfg = Release|Any CPU
		{A6414D4C-32C7-3A0E-02B2-D770007D7DCC}.Release|Any CPU.Build.0 = Release|Any CPU
		{AC0F71B8-8E44-13DD-1179-3A508572B576}.Debug|Any CPU.ActiveCfg = Debug|Any CPU
		{AC0F71B8-8E44-13DD-1179-3A508572B576}.Debug|Any CPU.Build.0 = Debug|Any CPU
		{AC0F71B8-8E44-13DD-1179-3A508572B576}.Release|Any CPU.ActiveCfg = Release|Any CPU
		{AC0F71B8-8E44-13DD-1179-3A508572B576}.Release|Any CPU.Build.0 = Release|Any CPU
		{FF9B1837-E49D-0A84-F9FF-775135661582}.Debug|Any CPU.ActiveCfg = Debug|Any CPU
		{FF9B1837-E49D-0A84-F9FF-775135661582}.Debug|Any CPU.Build.0 = Debug|Any CPU
		{FF9B1837-E49D-0A84-F9FF-775135661582}.Release|Any CPU.ActiveCfg = Release|Any CPU
		{FF9B1837-E49D-0A84-F9FF-775135661582}.Release|Any CPU.Build.0 = Release|Any CPU
		{B12A92A6-5433-14FB-5B1E-BAEEF7C1AA82}.Debug|Any CPU.ActiveCfg = Debug|Any CPU
		{B12A92A6-5433-14FB-5B1E-BAEEF7C1AA82}.Debug|Any CPU.Build.0 = Debug|Any CPU
		{B12A92A6-5433-14FB-5B1E-BAEEF7C1AA82}.Release|Any CPU.ActiveCfg = Release|Any CPU
		{B12A92A6-5433-14FB-5B1E-BAEEF7C1AA82}.Release|Any CPU.Build.0 = Release|Any CPU
		{3D6DF92D-52DE-6748-AF6D-6B8E7FBAD1E9}.Debug|Any CPU.ActiveCfg = Debug|Any CPU
		{3D6DF92D-52DE-6748-AF6D-6B8E7FBAD1E9}.Debug|Any CPU.Build.0 = Debug|Any CPU
		{3D6DF92D-52DE-6748-AF6D-6B8E7FBAD1E9}.Release|Any CPU.ActiveCfg = Release|Any CPU
		{3D6DF92D-52DE-6748-AF6D-6B8E7FBAD1E9}.Release|Any CPU.Build.0 = Release|Any CPU
		{ADC42024-9DE1-4009-8F9C-FE74C8C00873}.Debug|Any CPU.ActiveCfg = Debug|Any CPU
		{ADC42024-9DE1-4009-8F9C-FE74C8C00873}.Debug|Any CPU.Build.0 = Debug|Any CPU
		{ADC42024-9DE1-4009-8F9C-FE74C8C00873}.Release|Any CPU.ActiveCfg = Release|Any CPU
		{ADC42024-9DE1-4009-8F9C-FE74C8C00873}.Release|Any CPU.Build.0 = Release|Any CPU
		{12659662-FF2F-2419-523B-2629F6B95BA0}.Debug|Any CPU.ActiveCfg = Debug|Any CPU
		{12659662-FF2F-2419-523B-2629F6B95BA0}.Debug|Any CPU.Build.0 = Debug|Any CPU
		{12659662-FF2F-2419-523B-2629F6B95BA0}.Release|Any CPU.ActiveCfg = Release|Any CPU
		{12659662-FF2F-2419-523B-2629F6B95BA0}.Release|Any CPU.Build.0 = Release|Any CPU
		{B951D673-C77C-7596-BF34-CBD658D674AC}.Debug|Any CPU.ActiveCfg = Debug|Any CPU
		{B951D673-C77C-7596-BF34-CBD658D674AC}.Debug|Any CPU.Build.0 = Debug|Any CPU
		{B951D673-C77C-7596-BF34-CBD658D674AC}.Release|Any CPU.ActiveCfg = Release|Any CPU
		{B951D673-C77C-7596-BF34-CBD658D674AC}.Release|Any CPU.Build.0 = Release|Any CPU
		{A8462D18-1AED-4D3E-A3E9-65AEA9A6DF08}.Debug|Any CPU.ActiveCfg = Debug|Any CPU
		{A8462D18-1AED-4D3E-A3E9-65AEA9A6DF08}.Debug|Any CPU.Build.0 = Debug|Any CPU
		{A8462D18-1AED-4D3E-A3E9-65AEA9A6DF08}.Release|Any CPU.ActiveCfg = Release|Any CPU
		{A8462D18-1AED-4D3E-A3E9-65AEA9A6DF08}.Release|Any CPU.Build.0 = Release|Any CPU
		{352C9EB1-F8E0-ECA0-7604-4BB1DE65D62C}.Debug|Any CPU.ActiveCfg = Debug|Any CPU
		{352C9EB1-F8E0-ECA0-7604-4BB1DE65D62C}.Debug|Any CPU.Build.0 = Debug|Any CPU
		{352C9EB1-F8E0-ECA0-7604-4BB1DE65D62C}.Release|Any CPU.ActiveCfg = Release|Any CPU
		{352C9EB1-F8E0-ECA0-7604-4BB1DE65D62C}.Release|Any CPU.Build.0 = Release|Any CPU
		{982F252B-84CD-BED2-4F51-2ECAA7CDC457}.Debug|Any CPU.ActiveCfg = Debug|Any CPU
		{982F252B-84CD-BED2-4F51-2ECAA7CDC457}.Debug|Any CPU.Build.0 = Debug|Any CPU
		{982F252B-84CD-BED2-4F51-2ECAA7CDC457}.Release|Any CPU.ActiveCfg = Release|Any CPU
		{982F252B-84CD-BED2-4F51-2ECAA7CDC457}.Release|Any CPU.Build.0 = Release|Any CPU
	EndGlobalSection
	GlobalSection(SolutionProperties) = preSolution
		HideSolutionNode = FALSE
	EndGlobalSection
EndGlobal
