
Microsoft Visual Studio Solution File, Format Version 12.00
# Visual Studio 15
Project("{FAE04EC0-301F-11D3-BF4B-00C04F79EFBC}") = "Hotfix", "Hotfix.csproj", "{3B6BEA57-1ED7-19B9-6021-199E82AC5B70}"
EndProject
Project("{FAE04EC0-301F-11D3-BF4B-00C04F79EFBC}") = "UnityGameFramework.Runtime", "UnityGameFramework.Runtime.csproj", "{272776EE-0496-530C-C4D5-892D0DB04BF3}"
EndProject
Project("{FAE04EC0-301F-11D3-BF4B-00C04F79EFBC}") = "GameFramework", "GameFramework.csproj", "{48397271-74EB-6EA0-40BD-F7D9DCD81DB7}"
EndProject
Project("{FAE04EC0-301F-11D3-BF4B-00C04F79EFBC}") = "Builtin.Runtime", "Builtin.Runtime.csproj", "{D2E64166-CDFA-6A1A-7452-32A67AF86CA5}"
EndProject
Project("{FAE04EC0-301F-11D3-BF4B-00C04F79EFBC}") = "UniTask.Linq", "UniTask.Linq.csproj", "{167C30F5-3BD3-646B-38AC-080A3DDFC50F}"
EndProject
Project("{FAE04EC0-301F-11D3-BF4B-00C04F79EFBC}") = "UnityGameFramework.Editor", "UnityGameFramework.Editor.csproj", "{6FBD98AE-E6F2-B2B1-311F-196609F96DD8}"
EndProject
Project("{FAE04EC0-301F-11D3-BF4B-00C04F79EFBC}") = "ZString", "ZString.csproj", "{3A69A4AC-639E-B9D3-FBAC-7415A3187571}"
EndProject
Project("{FAE04EC0-301F-11D3-BF4B-00C04F79EFBC}") = "DOTween.Extension", "DOTween.Extension.csproj", "{AFB1A04D-87DA-569E-AFAA-DE2123701B10}"
EndProject
Project("{FAE04EC0-301F-11D3-BF4B-00C04F79EFBC}") = "UniTask", "UniTask.csproj", "{8970869E-8848-D9A0-8D8C-90AEFBA6EDF9}"
EndProject
Project("{FAE04EC0-301F-11D3-BF4B-00C04F79EFBC}") = "Assembly-CSharp-Editor", "Assembly-CSharp-Editor.csproj", "{778B183A-CE20-1426-7407-6F22D71E2EAF}"
EndProject
Project("{FAE04EC0-301F-11D3-BF4B-00C04F79EFBC}") = "UniTask.Addressables", "UniTask.Addressables.csproj", "{FF9B1837-E49D-0A84-F9FF-775135661582}"
EndProject
Project("{FAE04EC0-301F-11D3-BF4B-00C04F79EFBC}") = "UniTask.TextMeshPro", "UniTask.TextMeshPro.csproj", "{3D6DF92D-52DE-6748-AF6D-6B8E7FBAD1E9}"
EndProject
Project("{FAE04EC0-301F-11D3-BF4B-00C04F79EFBC}") = "Assembly-CSharp", "Assembly-CSharp.csproj", "{9BBF4B81-0CAD-6580-5E66-03867C13B5D3}"
EndProject
Project("{FAE04EC0-301F-11D3-BF4B-00C04F79EFBC}") = "UniTask.DOTween", "UniTask.DOTween.csproj", "{A8462D18-1AED-4D3E-A3E9-65AEA9A6DF08}"
EndProject
Project("{FAE04EC0-301F-11D3-BF4B-00C04F79EFBC}") = "UniTask.Editor", "UniTask.Editor.csproj", "{352C9EB1-F8E0-ECA0-7604-4BB1DE65D62C}"
EndProject
Global
	GlobalSection(SolutionConfigurationPlatforms) = preSolution
		Debug|Any CPU = Debug|Any CPU
		Release|Any CPU = Release|Any CPU
	EndGlobalSection
	GlobalSection(ProjectConfigurationPlatforms) = postSolution
		{3B6BEA57-1ED7-19B9-6021-199E82AC5B70}.Debug|Any CPU.ActiveCfg = Debug|Any CPU
		{3B6BEA57-1ED7-19B9-6021-199E82AC5B70}.Debug|Any CPU.Build.0 = Debug|Any CPU
		{3B6BEA57-1ED7-19B9-6021-199E82AC5B70}.Release|Any CPU.ActiveCfg = Release|Any CPU
		{3B6BEA57-1ED7-19B9-6021-199E82AC5B70}.Release|Any CPU.Build.0 = Release|Any CPU
		{272776EE-0496-530C-C4D5-892D0DB04BF3}.Debug|Any CPU.ActiveCfg = Debug|Any CPU
		{272776EE-0496-530C-C4D5-892D0DB04BF3}.Debug|Any CPU.Build.0 = Debug|Any CPU
		{272776EE-0496-530C-C4D5-892D0DB04BF3}.Release|Any CPU.ActiveCfg = Release|Any CPU
		{272776EE-0496-530C-C4D5-892D0DB04BF3}.Release|Any CPU.Build.0 = Release|Any CPU
		{48397271-74EB-6EA0-40BD-F7D9DCD81DB7}.Debug|Any CPU.ActiveCfg = Debug|Any CPU
		{48397271-74EB-6EA0-40BD-F7D9DCD81DB7}.Debug|Any CPU.Build.0 = Debug|Any CPU
		{48397271-74EB-6EA0-40BD-F7D9DCD81DB7}.Release|Any CPU.ActiveCfg = Release|Any CPU
		{48397271-74EB-6EA0-40BD-F7D9DCD81DB7}.Release|Any CPU.Build.0 = Release|Any CPU
		{D2E64166-CDFA-6A1A-7452-32A67AF86CA5}.Debug|Any CPU.ActiveCfg = Debug|Any CPU
		{D2E64166-CDFA-6A1A-7452-32A67AF86CA5}.Debug|Any CPU.Build.0 = Debug|Any CPU
		{D2E64166-CDFA-6A1A-7452-32A67AF86CA5}.Release|Any CPU.ActiveCfg = Release|Any CPU
		{D2E64166-CDFA-6A1A-7452-32A67AF86CA5}.Release|Any CPU.Build.0 = Release|Any CPU
		{167C30F5-3BD3-646B-38AC-080A3DDFC50F}.Debug|Any CPU.ActiveCfg = Debug|Any CPU
		{167C30F5-3BD3-646B-38AC-080A3DDFC50F}.Debug|Any CPU.Build.0 = Debug|Any CPU
		{167C30F5-3BD3-646B-38AC-080A3DDFC50F}.Release|Any CPU.ActiveCfg = Release|Any CPU
		{167C30F5-3BD3-646B-38AC-080A3DDFC50F}.Release|Any CPU.Build.0 = Release|Any CPU
		{6FBD98AE-E6F2-B2B1-311F-196609F96DD8}.Debug|Any CPU.ActiveCfg = Debug|Any CPU
		{6FBD98AE-E6F2-B2B1-311F-196609F96DD8}.Debug|Any CPU.Build.0 = Debug|Any CPU
		{6FBD98AE-E6F2-B2B1-311F-196609F96DD8}.Release|Any CPU.ActiveCfg = Release|Any CPU
		{6FBD98AE-E6F2-B2B1-311F-196609F96DD8}.Release|Any CPU.Build.0 = Release|Any CPU
		{3A69A4AC-639E-B9D3-FBAC-7415A3187571}.Debug|Any CPU.ActiveCfg = Debug|Any CPU
		{3A69A4AC-639E-B9D3-FBAC-7415A3187571}.Debug|Any CPU.Build.0 = Debug|Any CPU
		{3A69A4AC-639E-B9D3-FBAC-7415A3187571}.Release|Any CPU.ActiveCfg = Release|Any CPU
		{3A69A4AC-639E-B9D3-FBAC-7415A3187571}.Release|Any CPU.Build.0 = Release|Any CPU
		{AFB1A04D-87DA-569E-AFAA-DE2123701B10}.Debug|Any CPU.ActiveCfg = Debug|Any CPU
		{AFB1A04D-87DA-569E-AFAA-DE2123701B10}.Debug|Any CPU.Build.0 = Debug|Any CPU
		{AFB1A04D-87DA-569E-AFAA-DE2123701B10}.Release|Any CPU.ActiveCfg = Release|Any CPU
		{AFB1A04D-87DA-569E-AFAA-DE2123701B10}.Release|Any CPU.Build.0 = Release|Any CPU
		{8970869E-8848-D9A0-8D8C-90AEFBA6EDF9}.Debug|Any CPU.ActiveCfg = Debug|Any CPU
		{8970869E-8848-D9A0-8D8C-90AEFBA6EDF9}.Debug|Any CPU.Build.0 = Debug|Any CPU
		{8970869E-8848-D9A0-8D8C-90AEFBA6EDF9}.Release|Any CPU.ActiveCfg = Release|Any CPU
		{8970869E-8848-D9A0-8D8C-90AEFBA6EDF9}.Release|Any CPU.Build.0 = Release|Any CPU
		{778B183A-CE20-1426-7407-6F22D71E2EAF}.Debug|Any CPU.ActiveCfg = Debug|Any CPU
		{778B183A-CE20-1426-7407-6F22D71E2EAF}.Debug|Any CPU.Build.0 = Debug|Any CPU
		{778B183A-CE20-1426-7407-6F22D71E2EAF}.Release|Any CPU.ActiveCfg = Release|Any CPU
		{778B183A-CE20-1426-7407-6F22D71E2EAF}.Release|Any CPU.Build.0 = Release|Any CPU
		{FF9B1837-E49D-0A84-F9FF-775135661582}.Debug|Any CPU.ActiveCfg = Debug|Any CPU
		{FF9B1837-E49D-0A84-F9FF-775135661582}.Debug|Any CPU.Build.0 = Debug|Any CPU
		{FF9B1837-E49D-0A84-F9FF-775135661582}.Release|Any CPU.ActiveCfg = Release|Any CPU
		{FF9B1837-E49D-0A84-F9FF-775135661582}.Release|Any CPU.Build.0 = Release|Any CPU
		{3D6DF92D-52DE-6748-AF6D-6B8E7FBAD1E9}.Debug|Any CPU.ActiveCfg = Debug|Any CPU
		{3D6DF92D-52DE-6748-AF6D-6B8E7FBAD1E9}.Debug|Any CPU.Build.0 = Debug|Any CPU
		{3D6DF92D-52DE-6748-AF6D-6B8E7FBAD1E9}.Release|Any CPU.ActiveCfg = Release|Any CPU
		{3D6DF92D-52DE-6748-AF6D-6B8E7FBAD1E9}.Release|Any CPU.Build.0 = Release|Any CPU
		{9BBF4B81-0CAD-6580-5E66-03867C13B5D3}.Debug|Any CPU.ActiveCfg = Debug|Any CPU
		{9BBF4B81-0CAD-6580-5E66-03867C13B5D3}.Debug|Any CPU.Build.0 = Debug|Any CPU
		{9BBF4B81-0CAD-6580-5E66-03867C13B5D3}.Release|Any CPU.ActiveCfg = Release|Any CPU
		{9BBF4B81-0CAD-6580-5E66-03867C13B5D3}.Release|Any CPU.Build.0 = Release|Any CPU
		{A8462D18-1AED-4D3E-A3E9-65AEA9A6DF08}.Debug|Any CPU.ActiveCfg = Debug|Any CPU
		{A8462D18-1AED-4D3E-A3E9-65AEA9A6DF08}.Debug|Any CPU.Build.0 = Debug|Any CPU
		{A8462D18-1AED-4D3E-A3E9-65AEA9A6DF08}.Release|Any CPU.ActiveCfg = Release|Any CPU
		{A8462D18-1AED-4D3E-A3E9-65AEA9A6DF08}.Release|Any CPU.Build.0 = Release|Any CPU
		{352C9EB1-F8E0-ECA0-7604-4BB1DE65D62C}.Debug|Any CPU.ActiveCfg = Debug|Any CPU
		{352C9EB1-F8E0-ECA0-7604-4BB1DE65D62C}.Debug|Any CPU.Build.0 = Debug|Any CPU
		{352C9EB1-F8E0-ECA0-7604-4BB1DE65D62C}.Release|Any CPU.ActiveCfg = Release|Any CPU
		{352C9EB1-F8E0-ECA0-7604-4BB1DE65D62C}.Release|Any CPU.Build.0 = Release|Any CPU
	EndGlobalSection
	GlobalSection(SolutionProperties) = preSolution
		HideSolutionNode = FALSE
	EndGlobalSection
EndGlobal
